
Microsoft Visual Studio Solution File, Format Version 12.00
# Visual Studio 15
VisualStudioVersion = 15.0.27703.2026
MinimumVisualStudioVersion = 10.0.40219.1
Project("{9A19103F-16F7-4668-BE54-9A1E7A4F7556}") = "SlevaDog", "SlevaDog\SlevaDog.csproj", "{3A096388-13A3-41D3-ABE5-689BE79406C5}"
	ProjectSection(ProjectDependencies) = postProject
		{FB832F75-073B-4166-B7D6-119A87B1B184} = {FB832F75-073B-4166-B7D6-119A87B1B184}
	EndProjectSection
EndProject
Project("{FAE04EC0-301F-11D3-BF4B-00C04F79EFBC}") = "Catalog", "Catalog\Catalog.csproj", "{FB832F75-073B-4166-B7D6-119A87B1B184}"
EndProject
Project("{2150E333-8FDC-42A3-9474-1A3956D46DE8}") = "modules", "modules", "{16544576-63B2-4645-B759-CA625FA17A3F}"
EndProject
Global
	GlobalSection(SolutionConfigurationPlatforms) = preSolution
		Debug|Any CPU = Debug|Any CPU
		Release|Any CPU = Release|Any CPU
	EndGlobalSection
	GlobalSection(ProjectConfigurationPlatforms) = postSolution
		{3A096388-13A3-41D3-ABE5-689BE79406C5}.Debug|Any CPU.ActiveCfg = Debug|Any CPU
		{3A096388-13A3-41D3-ABE5-689BE79406C5}.Debug|Any CPU.Build.0 = Debug|Any CPU
		{3A096388-13A3-41D3-ABE5-689BE79406C5}.Release|Any CPU.ActiveCfg = Release|Any CPU
		{3A096388-13A3-41D3-ABE5-689BE79406C5}.Release|Any CPU.Build.0 = Release|Any CPU
		{FB832F75-073B-4166-B7D6-119A87B1B184}.Debug|Any CPU.ActiveCfg = Debug|Any CPU
		{FB832F75-073B-4166-B7D6-119A87B1B184}.Debug|Any CPU.Build.0 = Debug|Any CPU
		{FB832F75-073B-4166-B7D6-119A87B1B184}.Release|Any CPU.ActiveCfg = Release|Any CPU
		{FB832F75-073B-4166-B7D6-119A87B1B184}.Release|Any CPU.Build.0 = Release|Any CPU
	EndGlobalSection
	GlobalSection(SolutionProperties) = preSolution
		HideSolutionNode = FALSE
	EndGlobalSection
	GlobalSection(NestedProjects) = preSolution
		{FB832F75-073B-4166-B7D6-119A87B1B184} = {16544576-63B2-4645-B759-CA625FA17A3F}
	EndGlobalSection
	GlobalSection(ExtensibilityGlobals) = postSolution
		SolutionGuid = {4FBE9499-CDAF-49DB-B845-7CB3E9E1D111}
	EndGlobalSection
EndGlobal
